{
  "requires": true,
  "lockfileVersion": 1,
  "dependencies": {
    "@types/bcrypt": {
      "version": "5.0.0",
      "resolved": "https://registry.npmjs.org/@types/bcrypt/-/bcrypt-5.0.0.tgz",
      "integrity": "sha512-agtcFKaruL8TmcvqbndlqHPSJgsolhf/qPWchFlgnW1gECTN/nKbFcoFnvKAQRFfKbh+BO6A3SWdJu9t+xF3Lw==",
      "dev": true,
      "requires": {
        "@types/node": "*"
      }
    },
    "@types/body-parser": {
      "version": "1.19.0",
      "resolved": "https://registry.npmjs.org/@types/body-parser/-/body-parser-1.19.0.tgz",
      "integrity": "sha512-W98JrE0j2K78swW4ukqMleo8R7h/pFETjM2DQ90MF6XK2i4LO4W3gQ71Lt4w3bfm2EvVSyWHplECvB5sK22yFQ==",
      "dev": true,
      "requires": {
        "@types/connect": "*",
        "@types/node": "*"
      }
    },
    "@types/bson": {
      "version": "4.0.3",
      "resolved": "https://registry.npmjs.org/@types/bson/-/bson-4.0.3.tgz",
      "integrity": "sha512-mVRvYnTOZJz3ccpxhr3wgxVmSeiYinW+zlzQz3SXWaJmD1DuL05Jeq7nKw3SnbKmbleW5qrLG5vdyWe/A9sXhw==",
      "dev": true,
      "requires": {
        "@types/node": "*"
      }
    },
    "@types/connect": {
      "version": "3.4.34",
      "resolved": "https://registry.npmjs.org/@types/connect/-/connect-3.4.34.tgz",
      "integrity": "sha512-ePPA/JuI+X0vb+gSWlPKOY0NdNAie/rPUqX2GUPpbZwiKTkSPhjXWuee47E4MtE54QVzGCQMQkAL6JhV2E1+cQ==",
      "dev": true,
      "requires": {
        "@types/node": "*"
      }
    },
    "@types/content-disposition": {
      "version": "0.5.3",
      "resolved": "https://registry.npmjs.org/@types/content-disposition/-/content-disposition-0.5.3.tgz",
      "integrity": "sha512-P1bffQfhD3O4LW0ioENXUhZ9OIa0Zn+P7M+pWgkCKaT53wVLSq0mrKksCID/FGHpFhRSxRGhgrQmfhRuzwtKdg==",
      "dev": true
    },
    "@types/content-type": {
      "version": "1.1.3",
      "resolved": "https://registry.npmjs.org/@types/content-type/-/content-type-1.1.3.tgz",
      "integrity": "sha512-pv8VcFrZ3fN93L4rTNIbbUzdkzjEyVMp5mPVjsFfOYTDOZMZiZ8P1dhu+kEv3faYyKzZgLlSvnyQNFg+p/v5ug==",
      "dev": true
    },
    "@types/cookie": {
      "version": "0.4.0",
      "resolved": "https://registry.npmjs.org/@types/cookie/-/cookie-0.4.0.tgz",
      "integrity": "sha512-y7mImlc/rNkvCRmg8gC3/lj87S7pTUIJ6QGjwHR9WQJcFs+ZMTOaoPrkdFA/YdbuqVEmEbb5RdhVxMkAcgOnpg==",
      "dev": true
    },
    "@types/cookie-signature": {
      "version": "1.0.3",
      "resolved": "https://registry.npmjs.org/@types/cookie-signature/-/cookie-signature-1.0.3.tgz",
      "integrity": "sha512-0jpd4oizLaBybWBCew/lx4iAjjNWmCfzbspvnjoppyGEquN51BjShmPCksiH2IXLwtxQ2F/e2PkFy0LL7jpLsw==",
      "dev": true
    },
    "@types/debug": {
      "version": "4.1.5",
      "resolved": "https://registry.npmjs.org/@types/debug/-/debug-4.1.5.tgz",
      "integrity": "sha512-Q1y515GcOdTHgagaVFhHnIFQ38ygs/kmxdNpvpou+raI9UO3YZcHDngBSYKQklcKlvA7iuQlmIKbzvmxcOE9CQ==",
      "dev": true
    },
    "@types/depd": {
      "version": "1.1.32",
      "resolved": "https://registry.npmjs.org/@types/depd/-/depd-1.1.32.tgz",
      "integrity": "sha512-kB2cpXs3A0TGWl4a4h74yIwvclYZUTW6Irpee/3Dc1s4Cr5rGPHtpGPpBBpEV1MaKH5z/oul+57oDkEkeRXRnw==",
      "dev": true,
      "requires": {
        "@types/node": "*"
      }
    },
    "@types/destroy": {
      "version": "1.0.0",
      "resolved": "https://registry.npmjs.org/@types/destroy/-/destroy-1.0.0.tgz",
      "integrity": "sha512-nE3ePJLWPRu/qFHN8mj3fWnkr9K9ezwoiG4yOis2DuLeAawlnOOT/pM29JQkityrwfEvkblU5O9iS1bsiMqtDw==",
      "dev": true,
      "requires": {
        "@types/node": "*"
      }
    },
    "@types/ee-first": {
      "version": "1.1.0",
      "resolved": "https://registry.npmjs.org/@types/ee-first/-/ee-first-1.1.0.tgz",
      "integrity": "sha512-Vkq1JoYsK7Uojrh/m+esVXhue+o5yJzqJojgRZawx+BTeztuS2O9fw2f5ZbTAo1qTeD8NKfwZ8WBvdNkBOEOqA==",
      "dev": true,
      "requires": {
        "@types/node": "*"
      }
    },
    "@types/encodeurl": {
      "version": "1.0.0",
      "resolved": "https://registry.npmjs.org/@types/encodeurl/-/encodeurl-1.0.0.tgz",
      "integrity": "sha512-iO2Q6xQOJ5DtOB6wJ2KIetFq9JRTbpzcKTe2aS6CCsa+W9KNWX2yXx9KeB5sY/nBfAWN43LkPg6SFB+ldsW9ZA==",
      "dev": true
    },
    "@types/escape-html": {
      "version": "1.0.1",
      "resolved": "https://registry.npmjs.org/@types/escape-html/-/escape-html-1.0.1.tgz",
      "integrity": "sha512-4mI1FuUUZiuT95fSVqvZxp/ssQK9zsa86S43h9x3zPOSU9BBJ+BfDkXwuaU7BfsD+e7U0/cUUfJFk3iW2M4okA==",
      "dev": true
    },
    "@types/etag": {
      "version": "1.8.0",
      "resolved": "https://registry.npmjs.org/@types/etag/-/etag-1.8.0.tgz",
      "integrity": "sha512-EdSN0x+Y0/lBv7YAb8IU4Jgm6DWM+Bqtz7o5qozl96fzaqdqbdfHS5qjdpFeIv7xQ8jSLyjMMNShgYtMajEHyQ==",
      "dev": true,
      "requires": {
        "@types/node": "*"
      }
    },
    "@types/express": {
      "version": "4.17.12",
      "resolved": "https://registry.npmjs.org/@types/express/-/express-4.17.12.tgz",
      "integrity": "sha512-pTYas6FrP15B1Oa0bkN5tQMNqOcVXa9j4FTFtO8DWI9kppKib+6NJtfTOOLcwxuuYvcX2+dVG6et1SxW/Kc17Q==",
      "dev": true,
      "requires": {
        "@types/body-parser": "*",
        "@types/express-serve-static-core": "^4.17.18",
        "@types/qs": "*",
        "@types/serve-static": "*"
      }
    },
    "@types/express-serve-static-core": {
      "version": "4.17.22",
      "resolved": "https://registry.npmjs.org/@types/express-serve-static-core/-/express-serve-static-core-4.17.22.tgz",
      "integrity": "sha512-WdqmrUsRS4ootGha6tVwk/IVHM1iorU8tGehftQD2NWiPniw/sm7xdJOIlXLwqdInL9wBw/p7oO8vaYEF3NDmA==",
      "dev": true,
      "requires": {
        "@types/node": "*",
        "@types/qs": "*",
        "@types/range-parser": "*"
      }
    },
    "@types/forwarded": {
      "version": "0.1.0",
      "resolved": "https://registry.npmjs.org/@types/forwarded/-/forwarded-0.1.0.tgz",
      "integrity": "sha512-bMAatSgDFLgJ9m+uqmGvRIeZojIZYJmFKkPT+TKFOORgMNgJrjaAnYfr464GDn2q98VKn7VhkxX2tsbO6Fvtig==",
      "dev": true,
      "requires": {
        "@types/node": "*"
      }
    },
    "@types/fresh": {
      "version": "0.5.0",
      "resolved": "https://registry.npmjs.org/@types/fresh/-/fresh-0.5.0.tgz",
      "integrity": "sha512-eGPzuyc6wZM3sSHJdF7NM2jW6B/xsB014Rqg/iDa6xY02mlfy1w/TE2sYhR8vbHxkzJOXiGo6NuIk3xk35vsgQ==",
      "dev": true
    },
    "@types/history": {
      "version": "4.7.8",
      "resolved": "https://registry.npmjs.org/@types/history/-/history-4.7.8.tgz",
      "integrity": "sha512-S78QIYirQcUoo6UJZx9CSP0O2ix9IaeAXwQi26Rhr/+mg7qqPy8TzaxHSUut7eGjL8WmLccT7/MXf304WjqHcA==",
      "dev": true
    },
    "@types/http-errors": {
      "version": "1.8.0",
      "resolved": "https://registry.npmjs.org/@types/http-errors/-/http-errors-1.8.0.tgz",
      "integrity": "sha512-2aoSC4UUbHDj2uCsCxcG/vRMXey/m17bC7UwitVm5hn22nI8O8Y9iDpA76Orc+DWkQ4zZrOKEshCqR/jSuXAHA==",
      "dev": true
    },
    "@types/inherits": {
      "version": "0.0.30",
      "resolved": "https://registry.npmjs.org/@types/inherits/-/inherits-0.0.30.tgz",
      "integrity": "sha512-u3bSJhhwCMWsMdZhrX+PD2CsyxW0ahdrUWuC2EJCa6zQywA+nnj4+PkaGAf5nw2E7+05ww0epgY+kcxa7ojJUA==",
      "dev": true,
      "requires": {
        "@types/node": "*"
      }
    },
    "@types/js-cookie": {
      "version": "2.2.6",
      "resolved": "https://registry.npmjs.org/@types/js-cookie/-/js-cookie-2.2.6.tgz",
      "integrity": "sha512-+oY0FDTO2GYKEV0YPvSshGq9t7YozVkgvXLty7zogQNuCxBhT9/3INX9Q7H1aRZ4SUDRXAKlJuA4EA5nTt7SNw==",
      "dev": true
    },
    "@types/jsonwebtoken": {
      "version": "8.5.3",
      "resolved": "https://registry.npmjs.org/@types/jsonwebtoken/-/jsonwebtoken-8.5.3.tgz",
      "integrity": "sha512-uhZGbMfpIC/sI7ujnNdsPFMzqCYMwTBUvVsbJ6yJ+FakM7uTJKyiKaG2HXwOgy7gL+fRqnqxV82bLGmSWDxxGg==",
      "dev": true,
      "requires": {
        "@types/node": "*"
      }
    },
    "@types/jws": {
      "version": "3.2.3",
      "resolved": "https://registry.npmjs.org/@types/jws/-/jws-3.2.3.tgz",
      "integrity": "sha512-g54CHxwvaHvyJyeuZqe7VQujV9SfCXwEkboJp355INPL+kjlS3Aq153EHptaeO/Cch/NPJ1i2sHz0sDDizn7LQ==",
      "dev": true,
      "requires": {
        "@types/node": "*"
      }
    },
    "@types/lodash": {
      "version": "4.14.170",
      "resolved": "https://registry.npmjs.org/@types/lodash/-/lodash-4.14.170.tgz",
      "integrity": "sha512-bpcvu/MKHHeYX+qeEN8GE7DIravODWdACVA1ctevD8CN24RhPZIKMn9ntfAsrvLfSX3cR5RrBKAbYm9bGs0A+Q==",
      "dev": true
    },
    "@types/lodash.includes": {
      "version": "4.3.6",
      "resolved": "https://registry.npmjs.org/@types/lodash.includes/-/lodash.includes-4.3.6.tgz",
      "integrity": "sha512-YzujoN0s409VTzdsQc7JYa7jHGV9YuYhGWIhzuEaZNSCKFuJD636tghbjq7R9xdjjbTnmiDeV/DnCurVSxVVxQ==",
      "dev": true,
      "requires": {
        "@types/lodash": "*"
      }
    },
    "@types/lodash.isboolean": {
      "version": "3.0.6",
      "resolved": "https://registry.npmjs.org/@types/lodash.isboolean/-/lodash.isboolean-3.0.6.tgz",
      "integrity": "sha512-9ommZgIE6GlZW/GuSRIOSJP3X0FkOD2qqt8xBNqUVb/t4L62WiIGCPgIKK2PNfZem7bEZulM0djX9f8IG2Qg3Q==",
      "dev": true,
      "requires": {
        "@types/lodash": "*"
      }
    },
    "@types/lodash.isinteger": {
      "version": "4.0.6",
      "resolved": "https://registry.npmjs.org/@types/lodash.isinteger/-/lodash.isinteger-4.0.6.tgz",
      "integrity": "sha512-BewfjmG3ITuRbV84LFdF0dZEU0GtaMorUVq5epTkU2Krj/0YURbFdtCu3xYB0iR0X3Fof3n746xZhdSImsqjAg==",
      "dev": true,
      "requires": {
        "@types/lodash": "*"
      }
    },
    "@types/lodash.isnumber": {
      "version": "3.0.6",
      "resolved": "https://registry.npmjs.org/@types/lodash.isnumber/-/lodash.isnumber-3.0.6.tgz",
      "integrity": "sha512-nnfRqgijLFBEVu8W6pkHGq4hefaQOMcVwqeY19qIpf4qhV04mczNZvyT4Hc8UjOcnCIXErQG0aqIJedqlbbvVw==",
      "dev": true,
      "requires": {
        "@types/lodash": "*"
      }
    },
    "@types/lodash.isplainobject": {
      "version": "4.0.6",
      "resolved": "https://registry.npmjs.org/@types/lodash.isplainobject/-/lodash.isplainobject-4.0.6.tgz",
      "integrity": "sha512-8G41YFhmOl8Ck6NrwLK5hhnbz6ADfuDJP+zusDnX3PoYhfC60+H/rQE6zmdO4yFzPCPJPY4oGZK2spbXm6gYEA==",
      "dev": true,
      "requires": {
        "@types/lodash": "*"
      }
    },
    "@types/lodash.isstring": {
      "version": "4.0.6",
      "resolved": "https://registry.npmjs.org/@types/lodash.isstring/-/lodash.isstring-4.0.6.tgz",
      "integrity": "sha512-uUGvF9G1G7jQ5H42Y38GA9rZmUoY8wI/OMSwnW0BZA+Ra0uxzpuQf4CixXl3yG3TvF6LjuduMyt1WvKl+je8QA==",
      "dev": true,
      "requires": {
        "@types/lodash": "*"
      }
    },
    "@types/lodash.once": {
      "version": "4.1.6",
      "resolved": "https://registry.npmjs.org/@types/lodash.once/-/lodash.once-4.1.6.tgz",
      "integrity": "sha512-kawTe2cBNZ5OI4CvTJT9cs8wacGZK4BoakKAGASl/jH3LxflMTuy82wN2U5klYsxYjrABkNWmzgO33volt7urQ==",
      "dev": true,
      "requires": {
        "@types/lodash": "*"
      }
    },
    "@types/merge-descriptors": {
      "version": "1.0.1",
      "resolved": "https://registry.npmjs.org/@types/merge-descriptors/-/merge-descriptors-1.0.1.tgz",
      "integrity": "sha512-dvY3+KXKTXn7sD9bFQsaPcw3FN9ljk82YDUDl7O2FsBVBhiN7Ya216aYUqUvlRdbL/lvW90SYAUJZ1fFnmtMUQ==",
      "dev": true
    },
    "@types/mime": {
      "version": "1.3.2",
      "resolved": "https://registry.npmjs.org/@types/mime/-/mime-1.3.2.tgz",
      "integrity": "sha512-YATxVxgRqNH6nHEIsvg6k2Boc1JHI9ZbH5iWFFv/MTkchz3b1ieGDa5T0a9RznNdI0KhVbdbWSN+KWWrQZRxTw==",
      "dev": true
    },
    "@types/mongodb": {
      "version": "3.6.19",
      "resolved": "https://registry.npmjs.org/@types/mongodb/-/mongodb-3.6.19.tgz",
      "integrity": "sha512-krZbirw3ATb8EJySZdlDChX7A8WqTBPWWVjEAl9SUUL6QHJY/5+yCk7DjJv1BE0qmi5iShtd2meEi/Ru0F6c7g==",
      "dev": true,
      "requires": {
        "@types/bson": "*",
        "@types/node": "*"
      }
    },
    "@types/ms": {
      "version": "0.7.31",
      "resolved": "https://registry.npmjs.org/@types/ms/-/ms-0.7.31.tgz",
      "integrity": "sha512-iiUgKzV9AuaEkZqkOLDIvlQiL6ltuZd9tGcW3gwpnX8JbuiuhFlEGmmFXEXkN50Cvq7Os88IY2v0dkDqXYWVgA==",
      "dev": true
    },
    "@types/node": {
      "version": "15.12.5",
      "resolved": "https://registry.npmjs.org/@types/node/-/node-15.12.5.tgz",
      "integrity": "sha512-se3yX7UHv5Bscf8f1ERKvQOD6sTyycH3hdaoozvaLxgUiY5lIGEeH37AD0G0Qi9kPqihPn0HOfd2yaIEN9VwEg==",
      "dev": true
    },
    "@types/nodemon": {
      "version": "1.19.0",
      "resolved": "https://registry.npmjs.org/@types/nodemon/-/nodemon-1.19.0.tgz",
      "integrity": "sha512-nf0PKjNv3wo0pyhlPkHjfpU2oUYMdOIsCXceiFG6kvhYxbTwn2ne9mz2iWvJ/4QtCrJUEPJLNXuyGleyTacdaw==",
      "dev": true,
      "requires": {
        "@types/node": "*"
      }
    },
    "@types/nopt": {
      "version": "3.0.29",
      "resolved": "https://registry.npmjs.org/@types/nopt/-/nopt-3.0.29.tgz",
      "integrity": "sha1-8Z3z20yX7hRZonQAKDIKcdcJZM4=",
      "dev": true
    },
    "@types/npmlog": {
      "version": "4.1.2",
      "resolved": "https://registry.npmjs.org/@types/npmlog/-/npmlog-4.1.2.tgz",
      "integrity": "sha512-4QQmOF5KlwfxJ5IGXFIudkeLCdMABz03RcUXu+LCb24zmln8QW6aDjuGl4d4XPVLf2j+FnjelHTP7dvceAFbhA==",
      "dev": true
    },
    "@types/object-assign": {
      "version": "4.0.30",
      "resolved": "https://registry.npmjs.org/@types/object-assign/-/object-assign-4.0.30.tgz",
      "integrity": "sha1-iUk3HVqZ9Dge4PHfCpt6GH4H5lI=",
      "dev": true
    },
    "@types/on-finished": {
      "version": "2.3.1",
      "resolved": "https://registry.npmjs.org/@types/on-finished/-/on-finished-2.3.1.tgz",
      "integrity": "sha512-mzVYaYcFs5Jd2n/O6uYIRUsFRR1cHyZLRvkLCU0E7+G5WhY0qBDAR5fUCeZbvecYOSh9ikhlesyi2UfI8B9ckQ==",
      "dev": true,
      "requires": {
        "@types/node": "*"
      }
    },
    "@types/prop-types": {
      "version": "15.7.3",
      "resolved": "https://registry.npmjs.org/@types/prop-types/-/prop-types-15.7.3.tgz",
      "integrity": "sha512-KfRL3PuHmqQLOG+2tGpRO26Ctg+Cq1E01D2DMriKEATHgWLfeNDmq9e29Q9WIky0dQ3NPkd1mzYH8Lm936Z9qw==",
      "dev": true
    },
    "@types/proxy-addr": {
      "version": "2.0.0",
      "resolved": "https://registry.npmjs.org/@types/proxy-addr/-/proxy-addr-2.0.0.tgz",
      "integrity": "sha512-JEm0kSrO3CjbFSLpYeYhCscS0vpW1mIWedhWuurJnYbMzY1vcm9fzJ6TL6SWq3m/m3g4KUV5JBT69mQSwUHZHg==",
      "dev": true,
      "requires": {
        "@types/node": "*"
      }
    },
    "@types/qs": {
      "version": "6.9.6",
      "resolved": "https://registry.npmjs.org/@types/qs/-/qs-6.9.6.tgz",
      "integrity": "sha512-0/HnwIfW4ki2D8L8c9GVcG5I72s9jP5GSLVF0VIXDW00kmIpA6O33G7a8n59Tmh7Nz0WUC3rSb7PTY/sdW2JzA==",
      "dev": true
    },
    "@types/range-parser": {
      "version": "1.2.3",
      "resolved": "https://registry.npmjs.org/@types/range-parser/-/range-parser-1.2.3.tgz",
      "integrity": "sha512-ewFXqrQHlFsgc09MK5jP5iR7vumV/BYayNC6PgJO2LPe8vrnNFyjQjSppfEngITi0qvfKtzFvgKymGheFM9UOA==",
      "dev": true
    },
    "@types/react": {
      "version": "17.0.11",
      "resolved": "https://registry.npmjs.org/@types/react/-/react-17.0.11.tgz",
      "integrity": "sha512-yFRQbD+whVonItSk7ZzP/L+gPTJVBkL/7shLEF+i9GC/1cV3JmUxEQz6+9ylhUpWSDuqo1N9qEvqS6vTj4USUA==",
      "dev": true,
      "requires": {
        "@types/prop-types": "*",
        "@types/scheduler": "*",
        "csstype": "^3.0.2"
      }
    },
    "@types/react-dom": {
      "version": "17.0.8",
      "resolved": "https://registry.npmjs.org/@types/react-dom/-/react-dom-17.0.8.tgz",
      "integrity": "sha512-0ohAiJAx1DAUEcY9UopnfwCE9sSMDGnY/oXjWMax6g3RpzmTt2GMyMVAXcbn0mo8XAff0SbQJl2/SBU+hjSZ1A==",
      "dev": true,
      "requires": {
        "@types/react": "*"
      }
    },
    "@types/react-router": {
      "version": "5.1.15",
      "resolved": "https://registry.npmjs.org/@types/react-router/-/react-router-5.1.15.tgz",
      "integrity": "sha512-z3UlMG/x91SFEVmmvykk9FLTliDvfdIUky4k2rCfXWQ0NKbrP8o9BTCaCTPuYsB8gDkUnUmkcA2vYlm2DR+HAA==",
      "dev": true,
      "requires": {
        "@types/history": "*",
        "@types/react": "*"
      }
    },
    "@types/react-router-dom": {
      "version": "5.1.7",
      "resolved": "https://registry.npmjs.org/@types/react-router-dom/-/react-router-dom-5.1.7.tgz",
      "integrity": "sha512-D5mHD6TbdV/DNHYsnwBTv+y73ei+mMjrkGrla86HthE4/PVvL1J94Bu3qABU+COXzpL23T1EZapVVpwHuBXiUg==",
      "dev": true,
      "requires": {
        "@types/history": "*",
        "@types/react": "*",
        "@types/react-router": "*"
      }
    },
    "@types/scheduler": {
      "version": "0.16.1",
      "resolved": "https://registry.npmjs.org/@types/scheduler/-/scheduler-0.16.1.tgz",
      "integrity": "sha512-EaCxbanVeyxDRTQBkdLb3Bvl/HK7PBK6UJjsSixB0iHKoWxE5uu2Q/DgtpOhPIojN0Zl1whvOd7PoHs2P0s5eA==",
      "dev": true
    },
    "@types/send": {
      "version": "0.17.0",
      "resolved": "https://registry.npmjs.org/@types/send/-/send-0.17.0.tgz",
      "integrity": "sha512-Kh5ghRpkAcjAak9sCns9XTu9xL/hzJHMQIEi2xLZ8kJ1JVKPly0E0NA7snmSk9Ah7BndN8jEnltzz2VPjBMQIg==",
      "dev": true,
      "requires": {
        "@types/mime": "^1",
        "@types/node": "*"
      }
    },
    "@types/serve-static": {
      "version": "1.13.9",
      "resolved": "https://registry.npmjs.org/@types/serve-static/-/serve-static-1.13.9.tgz",
      "integrity": "sha512-ZFqF6qa48XsPdjXV5Gsz0Zqmux2PerNd3a/ktL45mHpa19cuMi/cL8tcxdAx497yRh+QtYPuofjT9oWw9P7nkA==",
      "dev": true,
      "requires": {
        "@types/mime": "^1",
        "@types/node": "*"
      }
    },
    "@types/statuses": {
      "version": "2.0.0",
      "resolved": "https://registry.npmjs.org/@types/statuses/-/statuses-2.0.0.tgz",
      "integrity": "sha512-V4dX/J9hyQ8hq2hztP+8xB1girGot5ltjtmxaJusf6AGyxi2RvWJrpWj4/DxF0/GFNOkswUVnbkGXKaaY9juQQ==",
      "dev": true
    },
    "@types/utils-merge": {
      "version": "0.0.28",
      "resolved": "https://registry.npmjs.org/@types/utils-merge/-/utils-merge-0.0.28.tgz",
      "integrity": "sha1-QpEICsnp0Zefv6FegECBDKWsa9g=",
      "dev": true
    },
    "@types/vary": {
      "version": "1.1.0",
      "resolved": "https://registry.npmjs.org/@types/vary/-/vary-1.1.0.tgz",
      "integrity": "sha512-LQWqrIa0dvEOOH37lGksMEXbypRLUFqu6Gx0pmX7zIUisD2I/qaVgEX/vJ/PSVSW0Hk6yz1BNkFpqg6dZm3Wug==",
      "dev": true,
      "requires": {
        "@types/node": "*"
      }
    },
    "csstype": {
      "version": "3.0.8",
      "resolved": "https://registry.npmjs.org/csstype/-/csstype-3.0.8.tgz",
      "integrity": "sha512-jXKhWqXPmlUeoQnF/EhTtTl4C9SnrxSH/jZUih3jmO6lBKr99rP3/+FmrMj4EFpOXzMtXHAZkd3x0E6h6Fgflw==",
      "dev": true
    },
    "types-registry": {
      "version": "0.1.548",
      "resolved": "https://registry.npmjs.org/types-registry/-/types-registry-0.1.548.tgz",
      "integrity": "sha512-xHedGCQbE/KVUjn/+FkbzYXDEsHVbrz+9m1aL8itn3tWdv9cQQLnlL3/o+9//f9mYn5JHH34pDtOefuNWiHwxA=="
    }
  }
}
